
Microsoft Visual Studio Solution File, Format Version 12.00
# Visual Studio Version 17
VisualStudioVersion = 17.8.34330.188
MinimumVisualStudioVersion = 10.0.40219.1
Project("{2150E333-8FDC-42A3-9474-1A3956D46DE8}") = "SolutionItems", "SolutionItems", "{E412922F-AC6B-45E7-87DC-A6D01579377C}"
	ProjectSection(SolutionItems) = preProject
		ServiceUrls.txt = ServiceUrls.txt
	EndProjectSection
EndProject
Project("{2150E333-8FDC-42A3-9474-1A3956D46DE8}") = "src", "src", "{8818C3A6-3707-4E67-B337-F9DD81573CA8}"
EndProject
Project("{2150E333-8FDC-42A3-9474-1A3956D46DE8}") = "ApiGateways", "ApiGateways", "{BDC53C8F-92C8-4520-936E-5AC01AE26469}"
EndProject
Project("{2150E333-8FDC-42A3-9474-1A3956D46DE8}") = "BuildingBlocks", "BuildingBlocks", "{B7544559-48D3-48CD-8C1D-F47824073313}"
EndProject
Project("{2150E333-8FDC-42A3-9474-1A3956D46DE8}") = "Services", "Services", "{7E68E7EB-C044-44CF-BAC1-2B47F31D47F3}"
EndProject
Project("{2150E333-8FDC-42A3-9474-1A3956D46DE8}") = "Clients", "Clients", "{548217AE-09CE-4A72-B39B-A4354B9C87B2}"
EndProject
Project("{2150E333-8FDC-42A3-9474-1A3956D46DE8}") = "WebApiGateway", "WebApiGateway", "{F457C0D8-E135-4449-9CF9-F1ECBCDC9662}"
EndProject
Project("{9A19103F-16F7-4668-BE54-9A1E7A4F7556}") = "SellingBuddy.Web.ApiGateway", "src\ApiGateways\WebApiGateway\SellingBuddy.Web.ApiGateway\SellingBuddy.Web.ApiGateway.csproj", "{45AC7F26-D9EB-4EB6-9FDB-FA1BE5875694}"
EndProject
Project("{2150E333-8FDC-42A3-9474-1A3956D46DE8}") = "EventBus", "EventBus", "{6A391E8A-E6E6-495A-9BAD-48B26FDFF399}"
EndProject
Project("{9A19103F-16F7-4668-BE54-9A1E7A4F7556}") = "SellingBuddy.EventBus.Base", "src\BuildingBlocks\EventBus\SellingBuddy.EventBus.Base\SellingBuddy.EventBus.Base.csproj", "{B6B89EC9-12BA-4532-965C-061F60E65915}"
EndProject
Project("{9A19103F-16F7-4668-BE54-9A1E7A4F7556}") = "SellingBuddy.EventBus.Factory", "src\BuildingBlocks\EventBus\SellingBuddy.EventBus.Factory\SellingBuddy.EventBus.Factory.csproj", "{368A4F4A-60FF-4146-A5A6-81219C5DC793}"
EndProject
Project("{9A19103F-16F7-4668-BE54-9A1E7A4F7556}") = "SellingBuddy.EventBus.AzureServiceBus", "src\BuildingBlocks\EventBus\SellingBuddy.EventBus.AzureServiceBus\SellingBuddy.EventBus.AzureServiceBus.csproj", "{D8D2694B-65B9-4130-B07F-59F5E663EEA6}"
EndProject
Project("{9A19103F-16F7-4668-BE54-9A1E7A4F7556}") = "SellingBuddy.EventBus.RabbitMQ", "src\BuildingBlocks\EventBus\SellingBuddy.EventBus.RabbitMQ\SellingBuddy.EventBus.RabbitMQ.csproj", "{142F7BF3-8F19-4C8B-BA0B-AA8BCA338CAE}"
EndProject
Project("{2150E333-8FDC-42A3-9474-1A3956D46DE8}") = "WebClients", "WebClients", "{94DC3ED7-BE71-4846-8732-48F43EDBF9CA}"
EndProject
Project("{2150E333-8FDC-42A3-9474-1A3956D46DE8}") = "MobileClients", "MobileClients", "{7BCEFD13-7F76-400E-8172-3ECB2903207B}"
EndProject
Project("{2150E333-8FDC-42A3-9474-1A3956D46DE8}") = "BasketService", "BasketService", "{32673E2E-2507-4062-973D-D51AEBADD40A}"
EndProject
Project("{2150E333-8FDC-42A3-9474-1A3956D46DE8}") = "CatalogService", "CatalogService", "{9537873A-7A78-400C-A70A-FBD8468A2837}"
EndProject
Project("{2150E333-8FDC-42A3-9474-1A3956D46DE8}") = "IdentityService", "IdentityService", "{3D36EE81-5F5B-43F7-A172-FCC5A2FFB670}"
EndProject
Project("{2150E333-8FDC-42A3-9474-1A3956D46DE8}") = "NotificationService", "NotificationService", "{41B2FC67-3B6F-470A-813E-FD7DCD3A8A88}"
EndProject
Project("{2150E333-8FDC-42A3-9474-1A3956D46DE8}") = "OrderService", "OrderService", "{2847DBEC-A610-4C91-9E7D-A83174B025F2}"
EndProject
Project("{2150E333-8FDC-42A3-9474-1A3956D46DE8}") = "PaymentService", "PaymentService", "{528DD40C-0111-4ECE-A32C-3930DD91F016}"
EndProject
Project("{9A19103F-16F7-4668-BE54-9A1E7A4F7556}") = "SellingBuddy.Blazor.WebUI", "src\Clients\WebClients\SellingBuddy.Blazor.WebUI\SellingBuddy.Blazor.WebUI.csproj", "{10C71522-1662-4E0E-B0D1-E117A79B61DD}"
EndProject
Project("{9A19103F-16F7-4668-BE54-9A1E7A4F7556}") = "SellingBuddy.BasketService.Api", "src\Services\BasketService\SellingBuddy.BasketService.Api\SellingBuddy.BasketService.Api.csproj", "{0A5123EA-733D-4905-9151-FE3407639BF0}"
EndProject
Project("{9A19103F-16F7-4668-BE54-9A1E7A4F7556}") = "SellingBuddy.CatalogService.Api", "src\Services\CatalogService\SellingBuddy.CatalogService.Api\SellingBuddy.CatalogService.Api.csproj", "{04932B00-5B68-42DD-9020-1A4D4F77F2C5}"
EndProject
Project("{9A19103F-16F7-4668-BE54-9A1E7A4F7556}") = "SellingBuddy.IdentityService.Api", "src\Services\IdentityService\SellingBuddy.IdentityService.Api\SellingBuddy.IdentityService.Api.csproj", "{E2F6869F-AFB7-48E0-A583-3118EACBE994}"
EndProject
Project("{9A19103F-16F7-4668-BE54-9A1E7A4F7556}") = "SellingBuddy.NotificationService.Console", "src\Services\NotificationService\SellingBuddy.NotificationService.Console\SellingBuddy.NotificationService.Console.csproj", "{1FE55B27-DCC9-4D6C-B54A-734FDD6A4401}"
EndProject
Project("{9A19103F-16F7-4668-BE54-9A1E7A4F7556}") = "SellingBuddy.OrderService.Api", "src\Services\OrderService\SellingBuddy.OrderService.Api\SellingBuddy.OrderService.Api.csproj", "{8D1202C7-F8BA-4F51-8E6F-86E0919D9AE4}"
EndProject
Project("{9A19103F-16F7-4668-BE54-9A1E7A4F7556}") = "SellingBuddy.OrderService.Application", "src\Services\OrderService\SellingBuddy.OrderService.Application\SellingBuddy.OrderService.Application.csproj", "{B1246C30-5934-45B6-8934-6C3296134906}"
EndProject
Project("{9A19103F-16F7-4668-BE54-9A1E7A4F7556}") = "SellingBuddy.OrderService.Domain", "src\Services\OrderService\SellingBuddy.OrderService.Domain\SellingBuddy.OrderService.Domain.csproj", "{11DD4DF4-ABA3-4A53-AE46-6EBA5B5946D4}"
EndProject
Project("{9A19103F-16F7-4668-BE54-9A1E7A4F7556}") = "SellingBuddy.OrderService.Infrastructure", "src\Services\OrderService\SellingBuddy.OrderService.Infrastructure\SellingBuddy.OrderService.Infrastructure.csproj", "{A8A2249B-0FB5-4ADA-B65B-C4FA4182CD4D}"
EndProject
Project("{9A19103F-16F7-4668-BE54-9A1E7A4F7556}") = "SellingBuddy.PaymentService.Api", "src\Services\PaymentService\SellingBuddy.PaymentService.Api\SellingBuddy.PaymentService.Api.csproj", "{05CA1956-2767-411B-9EF0-318AF557AC53}"
EndProject
Project("{2150E333-8FDC-42A3-9474-1A3956D46DE8}") = "tests", "tests", "{0193C345-B793-468A-B898-F62620013B80}"
EndProject
Project("{2150E333-8FDC-42A3-9474-1A3956D46DE8}") = "BuildingBlocks", "BuildingBlocks", "{18AA620E-5FF7-4533-BA74-51F80A7A8A5F}"
EndProject
Project("{9A19103F-16F7-4668-BE54-9A1E7A4F7556}") = "SellingBuddy.EventBus.UnitTest", "tests\BuildingBlocks\SellingBuddy.EventBus.UnitTest\SellingBuddy.EventBus.UnitTest.csproj", "{755C2774-667E-4B37-A466-3DB607E05C66}"
EndProject
Project("{2150E333-8FDC-42A3-9474-1A3956D46DE8}") = "docker-compose-files", "docker-compose-files", "{6F1F6734-F66E-445F-99CA-B858697A097D}"
EndProject
Project("{2150E333-8FDC-42A3-9474-1A3956D46DE8}") = "consul", "consul", "{59DD0F33-21D8-4963-8FB4-A32655AC374A}"
	ProjectSection(SolutionItems) = preProject
		docker-compose-files\consul\docker-compose.yml = docker-compose-files\consul\docker-compose.yml
	EndProjectSection
EndProject
Project("{2150E333-8FDC-42A3-9474-1A3956D46DE8}") = "rabbitmq", "rabbitmq", "{612A49F7-3955-4562-B16A-426E3901CEE2}"
	ProjectSection(SolutionItems) = preProject
		docker-compose-files\rabbitmq\docker-compose.yml = docker-compose-files\rabbitmq\docker-compose.yml
	EndProjectSection
EndProject
Project("{2150E333-8FDC-42A3-9474-1A3956D46DE8}") = "redis", "redis", "{C122D5FB-3352-47A7-9652-7CBCAAC560C5}"
	ProjectSection(SolutionItems) = preProject
		docker-compose-files\redis\docker-compose.yml = docker-compose-files\redis\docker-compose.yml
	EndProjectSection
EndProject
Project("{2150E333-8FDC-42A3-9474-1A3956D46DE8}") = "sqlserver", "sqlserver", "{EAF0EC74-197E-4E57-9E8B-353E1E87EA73}"
EndProject
Global
	GlobalSection(SolutionConfigurationPlatforms) = preSolution
		Debug|Any CPU = Debug|Any CPU
		Release|Any CPU = Release|Any CPU
	EndGlobalSection
	GlobalSection(ProjectConfigurationPlatforms) = postSolution
		{45AC7F26-D9EB-4EB6-9FDB-FA1BE5875694}.Debug|Any CPU.ActiveCfg = Debug|Any CPU
		{45AC7F26-D9EB-4EB6-9FDB-FA1BE5875694}.Debug|Any CPU.Build.0 = Debug|Any CPU
		{45AC7F26-D9EB-4EB6-9FDB-FA1BE5875694}.Release|Any CPU.ActiveCfg = Release|Any CPU
		{45AC7F26-D9EB-4EB6-9FDB-FA1BE5875694}.Release|Any CPU.Build.0 = Release|Any CPU
		{B6B89EC9-12BA-4532-965C-061F60E65915}.Debug|Any CPU.ActiveCfg = Debug|Any CPU
		{B6B89EC9-12BA-4532-965C-061F60E65915}.Debug|Any CPU.Build.0 = Debug|Any CPU
		{B6B89EC9-12BA-4532-965C-061F60E65915}.Release|Any CPU.ActiveCfg = Release|Any CPU
		{B6B89EC9-12BA-4532-965C-061F60E65915}.Release|Any CPU.Build.0 = Release|Any CPU
		{368A4F4A-60FF-4146-A5A6-81219C5DC793}.Debug|Any CPU.ActiveCfg = Debug|Any CPU
		{368A4F4A-60FF-4146-A5A6-81219C5DC793}.Debug|Any CPU.Build.0 = Debug|Any CPU
		{368A4F4A-60FF-4146-A5A6-81219C5DC793}.Release|Any CPU.ActiveCfg = Release|Any CPU
		{368A4F4A-60FF-4146-A5A6-81219C5DC793}.Release|Any CPU.Build.0 = Release|Any CPU
		{D8D2694B-65B9-4130-B07F-59F5E663EEA6}.Debug|Any CPU.ActiveCfg = Debug|Any CPU
		{D8D2694B-65B9-4130-B07F-59F5E663EEA6}.Debug|Any CPU.Build.0 = Debug|Any CPU
		{D8D2694B-65B9-4130-B07F-59F5E663EEA6}.Release|Any CPU.ActiveCfg = Release|Any CPU
		{D8D2694B-65B9-4130-B07F-59F5E663EEA6}.Release|Any CPU.Build.0 = Release|Any CPU
		{142F7BF3-8F19-4C8B-BA0B-AA8BCA338CAE}.Debug|Any CPU.ActiveCfg = Debug|Any CPU
		{142F7BF3-8F19-4C8B-BA0B-AA8BCA338CAE}.Debug|Any CPU.Build.0 = Debug|Any CPU
		{142F7BF3-8F19-4C8B-BA0B-AA8BCA338CAE}.Release|Any CPU.ActiveCfg = Release|Any CPU
		{142F7BF3-8F19-4C8B-BA0B-AA8BCA338CAE}.Release|Any CPU.Build.0 = Release|Any CPU
		{10C71522-1662-4E0E-B0D1-E117A79B61DD}.Debug|Any CPU.ActiveCfg = Debug|Any CPU
		{10C71522-1662-4E0E-B0D1-E117A79B61DD}.Debug|Any CPU.Build.0 = Debug|Any CPU
		{10C71522-1662-4E0E-B0D1-E117A79B61DD}.Release|Any CPU.ActiveCfg = Release|Any CPU
		{10C71522-1662-4E0E-B0D1-E117A79B61DD}.Release|Any CPU.Build.0 = Release|Any CPU
		{0A5123EA-733D-4905-9151-FE3407639BF0}.Debug|Any CPU.ActiveCfg = Debug|Any CPU
		{0A5123EA-733D-4905-9151-FE3407639BF0}.Debug|Any CPU.Build.0 = Debug|Any CPU
		{0A5123EA-733D-4905-9151-FE3407639BF0}.Release|Any CPU.ActiveCfg = Release|Any CPU
		{0A5123EA-733D-4905-9151-FE3407639BF0}.Release|Any CPU.Build.0 = Release|Any CPU
		{04932B00-5B68-42DD-9020-1A4D4F77F2C5}.Debug|Any CPU.ActiveCfg = Debug|Any CPU
		{04932B00-5B68-42DD-9020-1A4D4F77F2C5}.Debug|Any CPU.Build.0 = Debug|Any CPU
		{04932B00-5B68-42DD-9020-1A4D4F77F2C5}.Release|Any CPU.ActiveCfg = Release|Any CPU
		{04932B00-5B68-42DD-9020-1A4D4F77F2C5}.Release|Any CPU.Build.0 = Release|Any CPU
		{E2F6869F-AFB7-48E0-A583-3118EACBE994}.Debug|Any CPU.ActiveCfg = Debug|Any CPU
		{E2F6869F-AFB7-48E0-A583-3118EACBE994}.Debug|Any CPU.Build.0 = Debug|Any CPU
		{E2F6869F-AFB7-48E0-A583-3118EACBE994}.Release|Any CPU.ActiveCfg = Release|Any CPU
		{E2F6869F-AFB7-48E0-A583-3118EACBE994}.Release|Any CPU.Build.0 = Release|Any CPU
		{1FE55B27-DCC9-4D6C-B54A-734FDD6A4401}.Debug|Any CPU.ActiveCfg = Debug|Any CPU
		{1FE55B27-DCC9-4D6C-B54A-734FDD6A4401}.Debug|Any CPU.Build.0 = Debug|Any CPU
		{1FE55B27-DCC9-4D6C-B54A-734FDD6A4401}.Release|Any CPU.ActiveCfg = Release|Any CPU
		{1FE55B27-DCC9-4D6C-B54A-734FDD6A4401}.Release|Any CPU.Build.0 = Release|Any CPU
		{8D1202C7-F8BA-4F51-8E6F-86E0919D9AE4}.Debug|Any CPU.ActiveCfg = Debug|Any CPU
		{8D1202C7-F8BA-4F51-8E6F-86E0919D9AE4}.Debug|Any CPU.Build.0 = Debug|Any CPU
		{8D1202C7-F8BA-4F51-8E6F-86E0919D9AE4}.Release|Any CPU.ActiveCfg = Release|Any CPU
		{8D1202C7-F8BA-4F51-8E6F-86E0919D9AE4}.Release|Any CPU.Build.0 = Release|Any CPU
		{B1246C30-5934-45B6-8934-6C3296134906}.Debug|Any CPU.ActiveCfg = Debug|Any CPU
		{B1246C30-5934-45B6-8934-6C3296134906}.Debug|Any CPU.Build.0 = Debug|Any CPU
		{B1246C30-5934-45B6-8934-6C3296134906}.Release|Any CPU.ActiveCfg = Release|Any CPU
		{B1246C30-5934-45B6-8934-6C3296134906}.Release|Any CPU.Build.0 = Release|Any CPU
		{11DD4DF4-ABA3-4A53-AE46-6EBA5B5946D4}.Debug|Any CPU.ActiveCfg = Debug|Any CPU
		{11DD4DF4-ABA3-4A53-AE46-6EBA5B5946D4}.Debug|Any CPU.Build.0 = Debug|Any CPU
		{11DD4DF4-ABA3-4A53-AE46-6EBA5B5946D4}.Release|Any CPU.ActiveCfg = Release|Any CPU
		{11DD4DF4-ABA3-4A53-AE46-6EBA5B5946D4}.Release|Any CPU.Build.0 = Release|Any CPU
		{A8A2249B-0FB5-4ADA-B65B-C4FA4182CD4D}.Debug|Any CPU.ActiveCfg = Debug|Any CPU
		{A8A2249B-0FB5-4ADA-B65B-C4FA4182CD4D}.Debug|Any CPU.Build.0 = Debug|Any CPU
		{A8A2249B-0FB5-4ADA-B65B-C4FA4182CD4D}.Release|Any CPU.ActiveCfg = Release|Any CPU
		{A8A2249B-0FB5-4ADA-B65B-C4FA4182CD4D}.Release|Any CPU.Build.0 = Release|Any CPU
		{05CA1956-2767-411B-9EF0-318AF557AC53}.Debug|Any CPU.ActiveCfg = Debug|Any CPU
		{05CA1956-2767-411B-9EF0-318AF557AC53}.Debug|Any CPU.Build.0 = Debug|Any CPU
		{05CA1956-2767-411B-9EF0-318AF557AC53}.Release|Any CPU.ActiveCfg = Release|Any CPU
		{05CA1956-2767-411B-9EF0-318AF557AC53}.Release|Any CPU.Build.0 = Release|Any CPU
		{755C2774-667E-4B37-A466-3DB607E05C66}.Debug|Any CPU.ActiveCfg = Debug|Any CPU
		{755C2774-667E-4B37-A466-3DB607E05C66}.Debug|Any CPU.Build.0 = Debug|Any CPU
		{755C2774-667E-4B37-A466-3DB607E05C66}.Release|Any CPU.ActiveCfg = Release|Any CPU
		{755C2774-667E-4B37-A466-3DB607E05C66}.Release|Any CPU.Build.0 = Release|Any CPU
	EndGlobalSection
	GlobalSection(SolutionProperties) = preSolution
		HideSolutionNode = FALSE
	EndGlobalSection
	GlobalSection(NestedProjects) = preSolution
		{BDC53C8F-92C8-4520-936E-5AC01AE26469} = {8818C3A6-3707-4E67-B337-F9DD81573CA8}
		{B7544559-48D3-48CD-8C1D-F47824073313} = {8818C3A6-3707-4E67-B337-F9DD81573CA8}
		{7E68E7EB-C044-44CF-BAC1-2B47F31D47F3} = {8818C3A6-3707-4E67-B337-F9DD81573CA8}
		{548217AE-09CE-4A72-B39B-A4354B9C87B2} = {8818C3A6-3707-4E67-B337-F9DD81573CA8}
		{F457C0D8-E135-4449-9CF9-F1ECBCDC9662} = {BDC53C8F-92C8-4520-936E-5AC01AE26469}
		{45AC7F26-D9EB-4EB6-9FDB-FA1BE5875694} = {F457C0D8-E135-4449-9CF9-F1ECBCDC9662}
		{6A391E8A-E6E6-495A-9BAD-48B26FDFF399} = {B7544559-48D3-48CD-8C1D-F47824073313}
		{B6B89EC9-12BA-4532-965C-061F60E65915} = {6A391E8A-E6E6-495A-9BAD-48B26FDFF399}
		{368A4F4A-60FF-4146-A5A6-81219C5DC793} = {6A391E8A-E6E6-495A-9BAD-48B26FDFF399}
		{D8D2694B-65B9-4130-B07F-59F5E663EEA6} = {6A391E8A-E6E6-495A-9BAD-48B26FDFF399}
		{142F7BF3-8F19-4C8B-BA0B-AA8BCA338CAE} = {6A391E8A-E6E6-495A-9BAD-48B26FDFF399}
		{94DC3ED7-BE71-4846-8732-48F43EDBF9CA} = {548217AE-09CE-4A72-B39B-A4354B9C87B2}
		{7BCEFD13-7F76-400E-8172-3ECB2903207B} = {548217AE-09CE-4A72-B39B-A4354B9C87B2}
		{32673E2E-2507-4062-973D-D51AEBADD40A} = {7E68E7EB-C044-44CF-BAC1-2B47F31D47F3}
		{9537873A-7A78-400C-A70A-FBD8468A2837} = {7E68E7EB-C044-44CF-BAC1-2B47F31D47F3}
		{3D36EE81-5F5B-43F7-A172-FCC5A2FFB670} = {7E68E7EB-C044-44CF-BAC1-2B47F31D47F3}
		{41B2FC67-3B6F-470A-813E-FD7DCD3A8A88} = {7E68E7EB-C044-44CF-BAC1-2B47F31D47F3}
		{2847DBEC-A610-4C91-9E7D-A83174B025F2} = {7E68E7EB-C044-44CF-BAC1-2B47F31D47F3}
		{528DD40C-0111-4ECE-A32C-3930DD91F016} = {7E68E7EB-C044-44CF-BAC1-2B47F31D47F3}
		{10C71522-1662-4E0E-B0D1-E117A79B61DD} = {94DC3ED7-BE71-4846-8732-48F43EDBF9CA}
		{0A5123EA-733D-4905-9151-FE3407639BF0} = {32673E2E-2507-4062-973D-D51AEBADD40A}
		{04932B00-5B68-42DD-9020-1A4D4F77F2C5} = {9537873A-7A78-400C-A70A-FBD8468A2837}
		{E2F6869F-AFB7-48E0-A583-3118EACBE994} = {3D36EE81-5F5B-43F7-A172-FCC5A2FFB670}
		{1FE55B27-DCC9-4D6C-B54A-734FDD6A4401} = {41B2FC67-3B6F-470A-813E-FD7DCD3A8A88}
		{8D1202C7-F8BA-4F51-8E6F-86E0919D9AE4} = {2847DBEC-A610-4C91-9E7D-A83174B025F2}
		{B1246C30-5934-45B6-8934-6C3296134906} = {2847DBEC-A610-4C91-9E7D-A83174B025F2}
		{11DD4DF4-ABA3-4A53-AE46-6EBA5B5946D4} = {2847DBEC-A610-4C91-9E7D-A83174B025F2}
		{A8A2249B-0FB5-4ADA-B65B-C4FA4182CD4D} = {2847DBEC-A610-4C91-9E7D-A83174B025F2}
		{05CA1956-2767-411B-9EF0-318AF557AC53} = {528DD40C-0111-4ECE-A32C-3930DD91F016}
		{18AA620E-5FF7-4533-BA74-51F80A7A8A5F} = {0193C345-B793-468A-B898-F62620013B80}
		{755C2774-667E-4B37-A466-3DB607E05C66} = {18AA620E-5FF7-4533-BA74-51F80A7A8A5F}
		{59DD0F33-21D8-4963-8FB4-A32655AC374A} = {6F1F6734-F66E-445F-99CA-B858697A097D}
		{612A49F7-3955-4562-B16A-426E3901CEE2} = {6F1F6734-F66E-445F-99CA-B858697A097D}
		{C122D5FB-3352-47A7-9652-7CBCAAC560C5} = {6F1F6734-F66E-445F-99CA-B858697A097D}
		{EAF0EC74-197E-4E57-9E8B-353E1E87EA73} = {6F1F6734-F66E-445F-99CA-B858697A097D}
	EndGlobalSection
	GlobalSection(ExtensibilityGlobals) = postSolution
		SolutionGuid = {766D58FB-D4BC-4FB1-A051-A4A9F28D8B81}
	EndGlobalSection
EndGlobal
